{
  "name": "vpn",
  "version": "1.0.0",
  "lockfileVersion": 2,
  "requires": true,
  "packages": {
    "": {
      "name": "vpn",
      "version": "1.0.0",
      "license": "ISC",
      "dependencies": {
        "http-parser-js": "^0.5.5"
      }
    },
    "node_modules/http-parser-js": {
      "version": "0.5.5",
      "resolved": "https://registry.npmjs.org/http-parser-js/-/http-parser-js-0.5.5.tgz",
      "integrity": "sha512-x+JVEkO2PoM8qqpbPbOL3cqHPwerep7OwzK7Ay+sMQjKzaKCqWvjoXm5tqMP9tXWWTnTzAjIhXg+J99XYuPhPA=="
    }
  },
  "dependencies": {
    "http-parser-js": {
      "version": "0.5.5",
      "resolved": "https://registry.npmjs.org/http-parser-js/-/http-parser-js-0.5.5.tgz",
      "integrity": "sha512-x+JVEkO2PoM8qqpbPbOL3cqHPwerep7OwzK7Ay+sMQjKzaKCqWvjoXm5tqMP9tXWWTnTzAjIhXg+J99XYuPhPA=="
    }
  }
}
